
Microsoft Visual Studio Solution File, Format Version 12.00
# Visual Studio Version 17
VisualStudioVersion = 17.9.34728.123
MinimumVisualStudioVersion = 10.0.40219.1
Project("{FAE04EC0-301F-11D3-BF4B-00C04F79EFBC}") = "TPWinForm_equipo-20B", "TPWinForm_equipo-20B\TPWinForm_equipo-20B.csproj", "{4C036651-F5A2-4243-B6A1-170852E4F46C}"
EndProject
Project("{FAE04EC0-301F-11D3-BF4B-00C04F79EFBC}") = "dominio", "dominio\dominio.csproj", "{73B7050A-732D-46D3-A9F2-114E659D3B96}"
EndProject
Project("{FAE04EC0-301F-11D3-BF4B-00C04F79EFBC}") = "negocio", "negocio\negocio.csproj", "{E34A6EF2-7DC3-476B-A005-193C265EA321}"
EndProject
Global
	GlobalSection(SolutionConfigurationPlatforms) = preSolution
		Debug|Any CPU = Debug|Any CPU
		Release|Any CPU = Release|Any CPU
	EndGlobalSection
	GlobalSection(ProjectConfigurationPlatforms) = postSolution
		{4C036651-F5A2-4243-B6A1-170852E4F46C}.Debug|Any CPU.ActiveCfg = Debug|Any CPU
		{4C036651-F5A2-4243-B6A1-170852E4F46C}.Debug|Any CPU.Build.0 = Debug|Any CPU
		{4C036651-F5A2-4243-B6A1-170852E4F46C}.Release|Any CPU.ActiveCfg = Release|Any CPU
		{4C036651-F5A2-4243-B6A1-170852E4F46C}.Release|Any CPU.Build.0 = Release|Any CPU
		{73B7050A-732D-46D3-A9F2-114E659D3B96}.Debug|Any CPU.ActiveCfg = Debug|Any CPU
		{73B7050A-732D-46D3-A9F2-114E659D3B96}.Debug|Any CPU.Build.0 = Debug|Any CPU
		{73B7050A-732D-46D3-A9F2-114E659D3B96}.Release|Any CPU.ActiveCfg = Release|Any CPU
		{73B7050A-732D-46D3-A9F2-114E659D3B96}.Release|Any CPU.Build.0 = Release|Any CPU
		{E34A6EF2-7DC3-476B-A005-193C265EA321}.Debug|Any CPU.ActiveCfg = Debug|Any CPU
		{E34A6EF2-7DC3-476B-A005-193C265EA321}.Debug|Any CPU.Build.0 = Debug|Any CPU
		{E34A6EF2-7DC3-476B-A005-193C265EA321}.Release|Any CPU.ActiveCfg = Release|Any CPU
		{E34A6EF2-7DC3-476B-A005-193C265EA321}.Release|Any CPU.Build.0 = Release|Any CPU
	EndGlobalSection
	GlobalSection(SolutionProperties) = preSolution
		HideSolutionNode = FALSE
	EndGlobalSection
	GlobalSection(ExtensibilityGlobals) = postSolution
		SolutionGuid = {6F2317F9-166B-4238-9309-100D89403EE4}
	EndGlobalSection
EndGlobal
